
Microsoft Visual Studio Solution File, Format Version 12.00
# Visual Studio Version 17
VisualStudioVersion = 17.6.33829.357
MinimumVisualStudioVersion = 10.0.40219.1
Project("{FAE04EC0-301F-11D3-BF4B-00C04F79EFBC}") = "Atividade_Águia", "Atividade_Águia.csproj", "{68ED1A88-399C-4DAF-AFE7-0D2A63F34707}"
EndProject
Global
	GlobalSection(SolutionConfigurationPlatforms) = preSolution
		Debug|Any CPU = Debug|Any CPU
		Release|Any CPU = Release|Any CPU
	EndGlobalSection
	GlobalSection(ProjectConfigurationPlatforms) = postSolution
		{68ED1A88-399C-4DAF-AFE7-0D2A63F34707}.Debug|Any CPU.ActiveCfg = Debug|Any CPU
		{68ED1A88-399C-4DAF-AFE7-0D2A63F34707}.Debug|Any CPU.Build.0 = Debug|Any CPU
		{68ED1A88-399C-4DAF-AFE7-0D2A63F34707}.Release|Any CPU.ActiveCfg = Release|Any CPU
		{68ED1A88-399C-4DAF-AFE7-0D2A63F34707}.Release|Any CPU.Build.0 = Release|Any CPU
	EndGlobalSection
	GlobalSection(SolutionProperties) = preSolution
		HideSolutionNode = FALSE
	EndGlobalSection
	GlobalSection(ExtensibilityGlobals) = postSolution
		SolutionGuid = {4F8257DE-E0D5-49E6-A977-85F56CB8E198}
	EndGlobalSection
EndGlobal
